// !$*UTF8*$!
{
	archiveVersion = 1;
	classes = {
	};
	objectVersion = 56;
	objects = {

/* Begin PBXBuildFile section */
		7B0BCB492CE3DA450084EFB9 /* popUpWindow.swift in Sources */ = {isa = PBXBuildFile; fileRef = 7B0BCB482CE3DA450084EFB9 /* popUpWindow.swift */; };
		7BAB14D32D14A1B800371C66 /* dropDownView.swift in Sources */ = {isa = PBXBuildFile; fileRef = 7BAB14D22D14A1B800371C66 /* dropDownView.swift */; };
		7BD2D0452CE688DD0040C25D /* popup.swift in Sources */ = {isa = PBXBuildFile; fileRef = 7BD2D0442CE688DD0040C25D /* popup.swift */; };
		F35347BD2CB5A70A00B04EF8 /* Homepage.swift in Sources */ = {isa = PBXBuildFile; fileRef = F35347BC2CB5A70A00B04EF8 /* Homepage.swift */; };
		F35347BF2CB5A72B00B04EF8 /* Bingo.swift in Sources */ = {isa = PBXBuildFile; fileRef = F35347BE2CB5A72B00B04EF8 /* Bingo.swift */; };
		F35347C12CB5A74100B04EF8 /* Goat.swift in Sources */ = {isa = PBXBuildFile; fileRef = F35347C02CB5A74100B04EF8 /* Goat.swift */; };
		F35347C32CB5A76500B04EF8 /* Survey.swift in Sources */ = {isa = PBXBuildFile; fileRef = F35347C22CB5A76500B04EF8 /* Survey.swift */; };
		F392187B2CC2D0C3006E02CB /* Inventory.swift in Sources */ = {isa = PBXBuildFile; fileRef = F392187A2CC2D0C3006E02CB /* Inventory.swift */; };
		F392187F2CC2D0F1006E02CB /* DressUp.swift in Sources */ = {isa = PBXBuildFile; fileRef = F392187E2CC2D0F1006E02CB /* DressUp.swift */; };
		F3ADEA2C2CA33A1400349343 /* test_App.swift in Sources */ = {isa = PBXBuildFile; fileRef = F3ADEA2B2CA33A1400349343 /* test_App.swift */; };
		F3ADEA2E2CA33A1400349343 /* ContentView.swift in Sources */ = {isa = PBXBuildFile; fileRef = F3ADEA2D2CA33A1400349343 /* ContentView.swift */; };
		F3ADEA302CA33A1400349343 /* Item.swift in Sources */ = {isa = PBXBuildFile; fileRef = F3ADEA2F2CA33A1400349343 /* Item.swift */; };
		F3ADEA322CA33A1500349343 /* Assets.xcassets in Resources */ = {isa = PBXBuildFile; fileRef = F3ADEA312CA33A1500349343 /* Assets.xcassets */; };
		F3ADEA362CA33A1500349343 /* Preview Assets.xcassets in Resources */ = {isa = PBXBuildFile; fileRef = F3ADEA352CA33A1500349343 /* Preview Assets.xcassets */; };
/* End PBXBuildFile section */

/* Begin PBXFileReference section */
		7B0BCB482CE3DA450084EFB9 /* popUpWindow.swift */ = {isa = PBXFileReference; lastKnownFileType = sourcecode.swift; path = popUpWindow.swift; sourceTree = "<group>"; };
		7BAB14D22D14A1B800371C66 /* dropDownView.swift */ = {isa = PBXFileReference; lastKnownFileType = sourcecode.swift; path = dropDownView.swift; sourceTree = "<group>"; };
		7BD2D0442CE688DD0040C25D /* popup.swift */ = {isa = PBXFileReference; lastKnownFileType = sourcecode.swift; path = popup.swift; sourceTree = "<group>"; };
		F35347BC2CB5A70A00B04EF8 /* Homepage.swift */ = {isa = PBXFileReference; lastKnownFileType = sourcecode.swift; path = Homepage.swift; sourceTree = "<group>"; };
		F35347BE2CB5A72B00B04EF8 /* Bingo.swift */ = {isa = PBXFileReference; lastKnownFileType = sourcecode.swift; path = Bingo.swift; sourceTree = "<group>"; };
		F35347C02CB5A74100B04EF8 /* Goat.swift */ = {isa = PBXFileReference; lastKnownFileType = sourcecode.swift; path = Goat.swift; sourceTree = "<group>"; };
		F35347C22CB5A76500B04EF8 /* Survey.swift */ = {isa = PBXFileReference; lastKnownFileType = sourcecode.swift; path = Survey.swift; sourceTree = "<group>"; };
		F392187A2CC2D0C3006E02CB /* Inventory.swift */ = {isa = PBXFileReference; lastKnownFileType = sourcecode.swift; path = Inventory.swift; sourceTree = "<group>"; };
		F392187E2CC2D0F1006E02CB /* DressUp.swift */ = {isa = PBXFileReference; lastKnownFileType = sourcecode.swift; path = DressUp.swift; sourceTree = "<group>"; };
		F3ADEA282CA33A1400349343 /* GOATgame.app */ = {isa = PBXFileReference; explicitFileType = wrapper.application; includeInIndex = 0; path = GOATgame.app; sourceTree = BUILT_PRODUCTS_DIR; };
		F3ADEA2B2CA33A1400349343 /* test_App.swift */ = {isa = PBXFileReference; lastKnownFileType = sourcecode.swift; path = test_App.swift; sourceTree = "<group>"; };
		F3ADEA2D2CA33A1400349343 /* ContentView.swift */ = {isa = PBXFileReference; lastKnownFileType = sourcecode.swift; path = ContentView.swift; sourceTree = "<group>"; };
		F3ADEA2F2CA33A1400349343 /* Item.swift */ = {isa = PBXFileReference; lastKnownFileType = sourcecode.swift; path = Item.swift; sourceTree = "<group>"; };
		F3ADEA312CA33A1500349343 /* Assets.xcassets */ = {isa = PBXFileReference; lastKnownFileType = folder.assetcatalog; path = Assets.xcassets; sourceTree = "<group>"; };
		F3ADEA332CA33A1500349343 /* test_.entitlements */ = {isa = PBXFileReference; lastKnownFileType = text.plist.entitlements; path = test_.entitlements; sourceTree = "<group>"; };
		F3ADEA352CA33A1500349343 /* Preview Assets.xcassets */ = {isa = PBXFileReference; lastKnownFileType = folder.assetcatalog; path = "Preview Assets.xcassets"; sourceTree = "<group>"; };
/* End PBXFileReference section */

/* Begin PBXFrameworksBuildPhase section */
		F3ADEA252CA33A1400349343 /* Frameworks */ = {
			isa = PBXFrameworksBuildPhase;
			buildActionMask = 2147483647;
			files = (
			);
			runOnlyForDeploymentPostprocessing = 0;
		};
/* End PBXFrameworksBuildPhase section */

/* Begin PBXGroup section */
		F3ADEA1F2CA33A1400349343 = {
			isa = PBXGroup;
			children = (
				F3ADEA2A2CA33A1400349343 /* test` */,
				F3ADEA292CA33A1400349343 /* Products */,
			);
			sourceTree = "<group>";
		};
		F3ADEA292CA33A1400349343 /* Products */ = {
			isa = PBXGroup;
			children = (
				F3ADEA282CA33A1400349343 /* GOATgame.app */,
			);
			name = Products;
			sourceTree = "<group>";
		};
		F3ADEA2A2CA33A1400349343 /* test` */ = {
			isa = PBXGroup;
			children = (
				F3ADEA2B2CA33A1400349343 /* test_App.swift */,
				F3ADEA2D2CA33A1400349343 /* ContentView.swift */,
				F3ADEA2F2CA33A1400349343 /* Item.swift */,
				F35347BC2CB5A70A00B04EF8 /* Homepage.swift */,
				7BAB14D22D14A1B800371C66 /* dropDownView.swift */,
				F35347BE2CB5A72B00B04EF8 /* Bingo.swift */,
				7BD2D0442CE688DD0040C25D /* popup.swift */,
				F35347C02CB5A74100B04EF8 /* Goat.swift */,
				F35347C22CB5A76500B04EF8 /* Survey.swift */,
				F392187A2CC2D0C3006E02CB /* Inventory.swift */,
				F392187E2CC2D0F1006E02CB /* DressUp.swift */,
				F3ADEA312CA33A1500349343 /* Assets.xcassets */,
				F3ADEA332CA33A1500349343 /* test_.entitlements */,
				F3ADEA342CA33A1500349343 /* Preview Content */,
				7B0BCB482CE3DA450084EFB9 /* popUpWindow.swift */,
			);
			path = "test`";
			sourceTree = "<group>";
		};
		F3ADEA342CA33A1500349343 /* Preview Content */ = {
			isa = PBXGroup;
			children = (
				F3ADEA352CA33A1500349343 /* Preview Assets.xcassets */,
			);
			path = "Preview Content";
			sourceTree = "<group>";
		};
/* End PBXGroup section */

/* Begin PBXNativeTarget section */
		F3ADEA272CA33A1400349343 /* GOATgame */ = {
			isa = PBXNativeTarget;
			buildConfigurationList = F3ADEA392CA33A1500349343 /* Build configuration list for PBXNativeTarget "GOATgame" */;
			buildPhases = (
				F3ADEA242CA33A1400349343 /* Sources */,
				F3ADEA252CA33A1400349343 /* Frameworks */,
				F3ADEA262CA33A1400349343 /* Resources */,
			);
			buildRules = (
			);
			dependencies = (
			);
			name = GOATgame;
			productName = "test`";
			productReference = F3ADEA282CA33A1400349343 /* GOATgame.app */;
			productType = "com.apple.product-type.application";
		};
/* End PBXNativeTarget section */

/* Begin PBXProject section */
		F3ADEA202CA33A1400349343 /* Project object */ = {
			isa = PBXProject;
			attributes = {
				BuildIndependentTargetsInParallel = 1;
				LastSwiftUpdateCheck = 1520;
				LastUpgradeCheck = 1520;
				TargetAttributes = {
					F3ADEA272CA33A1400349343 = {
						CreatedOnToolsVersion = 15.2;
					};
				};
			};
			buildConfigurationList = F3ADEA232CA33A1400349343 /* Build configuration list for PBXProject "GOATgame" */;
			compatibilityVersion = "Xcode 14.0";
			developmentRegion = en;
			hasScannedForEncodings = 0;
			knownRegions = (
				en,
				Base,
			);
			mainGroup = F3ADEA1F2CA33A1400349343;
			productRefGroup = F3ADEA292CA33A1400349343 /* Products */;
			projectDirPath = "";
			projectRoot = "";
			targets = (
				F3ADEA272CA33A1400349343 /* GOATgame */,
			);
		};
/* End PBXProject section */

/* Begin PBXResourcesBuildPhase section */
		F3ADEA262CA33A1400349343 /* Resources */ = {
			isa = PBXResourcesBuildPhase;
			buildActionMask = 2147483647;
			files = (
				F3ADEA362CA33A1500349343 /* Preview Assets.xcassets in Resources */,
				F3ADEA322CA33A1500349343 /* Assets.xcassets in Resources */,
			);
			runOnlyForDeploymentPostprocessing = 0;
		};
/* End PBXResourcesBuildPhase section */

/* Begin PBXSourcesBuildPhase section */
		F3ADEA242CA33A1400349343 /* Sources */ = {
			isa = PBXSourcesBuildPhase;
			buildActionMask = 2147483647;
			files = (
				F392187B2CC2D0C3006E02CB /* Inventory.swift in Sources */,
				F3ADEA2E2CA33A1400349343 /* ContentView.swift in Sources */,
				F3ADEA302CA33A1400349343 /* Item.swift in Sources */,
				7BD2D0452CE688DD0040C25D /* popup.swift in Sources */,
				F35347C32CB5A76500B04EF8 /* Survey.swift in Sources */,
				7B0BCB492CE3DA450084EFB9 /* popUpWindow.swift in Sources */,
				F35347BF2CB5A72B00B04EF8 /* Bingo.swift in Sources */,
				F3ADEA2C2CA33A1400349343 /* test_App.swift in Sources */,
				F35347C12CB5A74100B04EF8 /* Goat.swift in Sources */,
				7BAB14D32D14A1B800371C66 /* dropDownView.swift in Sources */,
				F392187F2CC2D0F1006E02CB /* DressUp.swift in Sources */,
				F35347BD2CB5A70A00B04EF8 /* Homepage.swift in Sources */,
			);
			runOnlyForDeploymentPostprocessing = 0;
		};
/* End PBXSourcesBuildPhase section */

/* Begin XCBuildConfiguration section */
		F3ADEA372CA33A1500349343 /* Debug */ = {
			isa = XCBuildConfiguration;
			buildSettings = {
				ALWAYS_SEARCH_USER_PATHS = NO;
				ASSETCATALOG_COMPILER_GENERATE_SWIFT_ASSET_SYMBOL_EXTENSIONS = YES;
				CLANG_ANALYZER_NONNULL = YES;
				CLANG_ANALYZER_NUMBER_OBJECT_CONVERSION = YES_AGGRESSIVE;
				CLANG_CXX_LANGUAGE_STANDARD = "gnu++20";
				CLANG_ENABLE_MODULES = YES;
				CLANG_ENABLE_OBJC_ARC = YES;
				CLANG_ENABLE_OBJC_WEAK = YES;
				CLANG_WARN_BLOCK_CAPTURE_AUTORELEASING = YES;
				CLANG_WARN_BOOL_CONVERSION = YES;
				CLANG_WARN_COMMA = YES;
				CLANG_WARN_CONSTANT_CONVERSION = YES;
				CLANG_WARN_DEPRECATED_OBJC_IMPLEMENTATIONS = YES;
				CLANG_WARN_DIRECT_OBJC_ISA_USAGE = YES_ERROR;
				CLANG_WARN_DOCUMENTATION_COMMENTS = YES;
				CLANG_WARN_EMPTY_BODY = YES;
				CLANG_WARN_ENUM_CONVERSION = YES;
				CLANG_WARN_INFINITE_RECURSION = YES;
				CLANG_WARN_INT_CONVERSION = YES;
				CLANG_WARN_NON_LITERAL_NULL_CONVERSION = YES;
				CLANG_WARN_OBJC_IMPLICIT_RETAIN_SELF = YES;
				CLANG_WARN_OBJC_LITERAL_CONVERSION = YES;
				CLANG_WARN_OBJC_ROOT_CLASS = YES_ERROR;
				CLANG_WARN_QUOTED_INCLUDE_IN_FRAMEWORK_HEADER = YES;
				CLANG_WARN_RANGE_LOOP_ANALYSIS = YES;
				CLANG_WARN_STRICT_PROTOTYPES = YES;
				CLANG_WARN_SUSPICIOUS_MOVE = YES;
				CLANG_WARN_UNGUARDED_AVAILABILITY = YES_AGGRESSIVE;
				CLANG_WARN_UNREACHABLE_CODE = YES;
				CLANG_WARN__DUPLICATE_METHOD_MATCH = YES;
				COPY_PHASE_STRIP = NO;
				DEBUG_INFORMATION_FORMAT = dwarf;
				ENABLE_STRICT_OBJC_MSGSEND = YES;
				ENABLE_TESTABILITY = YES;
				ENABLE_USER_SCRIPT_SANDBOXING = YES;
				GCC_C_LANGUAGE_STANDARD = gnu17;
				GCC_DYNAMIC_NO_PIC = NO;
				GCC_NO_COMMON_BLOCKS = YES;
				GCC_OPTIMIZATION_LEVEL = 0;
				GCC_PREPROCESSOR_DEFINITIONS = (
					"DEBUG=1",
					"$(inherited)",
				);
				GCC_WARN_64_TO_32_BIT_CONVERSION = YES;
				GCC_WARN_ABOUT_RETURN_TYPE = YES_ERROR;
				GCC_WARN_UNDECLARED_SELECTOR = YES;
				GCC_WARN_UNINITIALIZED_AUTOS = YES_AGGRESSIVE;
				GCC_WARN_UNUSED_FUNCTION = YES;
				GCC_WARN_UNUSED_VARIABLE = YES;
				LOCALIZATION_PREFERS_STRING_CATALOGS = YES;
				MTL_ENABLE_DEBUG_INFO = INCLUDE_SOURCE;
				MTL_FAST_MATH = YES;
				ONLY_ACTIVE_ARCH = YES;
				SWIFT_ACTIVE_COMPILATION_CONDITIONS = "DEBUG $(inherited)";
				SWIFT_OPTIMIZATION_LEVEL = "-Onone";
			};
			name = Debug;
		};
		F3ADEA382CA33A1500349343 /* Release */ = {
			isa = XCBuildConfiguration;
			buildSettings = {
				ALWAYS_SEARCH_USER_PATHS = NO;
				ASSETCATALOG_COMPILER_GENERATE_SWIFT_ASSET_SYMBOL_EXTENSIONS = YES;
				CLANG_ANALYZER_NONNULL = YES;
				CLANG_ANALYZER_NUMBER_OBJECT_CONVERSION = YES_AGGRESSIVE;
				CLANG_CXX_LANGUAGE_STANDARD = "gnu++20";
				CLANG_ENABLE_MODULES = YES;
				CLANG_ENABLE_OBJC_ARC = YES;
				CLANG_ENABLE_OBJC_WEAK = YES;
				CLANG_WARN_BLOCK_CAPTURE_AUTORELEASING = YES;
				CLANG_WARN_BOOL_CONVERSION = YES;
				CLANG_WARN_COMMA = YES;
				CLANG_WARN_CONSTANT_CONVERSION = YES;
				CLANG_WARN_DEPRECATED_OBJC_IMPLEMENTATIONS = YES;
				CLANG_WARN_DIRECT_OBJC_ISA_USAGE = YES_ERROR;
				CLANG_WARN_DOCUMENTATION_COMMENTS = YES;
				CLANG_WARN_EMPTY_BODY = YES;
				CLANG_WARN_ENUM_CONVERSION = YES;
				CLANG_WARN_INFINITE_RECURSION = YES;
				CLANG_WARN_INT_CONVERSION = YES;
				CLANG_WARN_NON_LITERAL_NULL_CONVERSION = YES;
				CLANG_WARN_OBJC_IMPLICIT_RETAIN_SELF = YES;
				CLANG_WARN_OBJC_LITERAL_CONVERSION = YES;
				CLANG_WARN_OBJC_ROOT_CLASS = YES_ERROR;
				CLANG_WARN_QUOTED_INCLUDE_IN_FRAMEWORK_HEADER = YES;
				CLANG_WARN_RANGE_LOOP_ANALYSIS = YES;
				CLANG_WARN_STRICT_PROTOTYPES = YES;
				CLANG_WARN_SUSPICIOUS_MOVE = YES;
				CLANG_WARN_UNGUARDED_AVAILABILITY = YES_AGGRESSIVE;
				CLANG_WARN_UNREACHABLE_CODE = YES;
				CLANG_WARN__DUPLICATE_METHOD_MATCH = YES;
				COPY_PHASE_STRIP = NO;
				DEBUG_INFORMATION_FORMAT = "dwarf-with-dsym";
				ENABLE_NS_ASSERTIONS = NO;
				ENABLE_STRICT_OBJC_MSGSEND = YES;
				ENABLE_USER_SCRIPT_SANDBOXING = YES;
				GCC_C_LANGUAGE_STANDARD = gnu17;
				GCC_NO_COMMON_BLOCKS = YES;
				GCC_WARN_64_TO_32_BIT_CONVERSION = YES;
				GCC_WARN_ABOUT_RETURN_TYPE = YES_ERROR;
				GCC_WARN_UNDECLARED_SELECTOR = YES;
				GCC_WARN_UNINITIALIZED_AUTOS = YES_AGGRESSIVE;
				GCC_WARN_UNUSED_FUNCTION = YES;
				GCC_WARN_UNUSED_VARIABLE = YES;
				LOCALIZATION_PREFERS_STRING_CATALOGS = YES;
				MTL_ENABLE_DEBUG_INFO = NO;
				MTL_FAST_MATH = YES;
				SWIFT_COMPILATION_MODE = wholemodule;
			};
			name = Release;
		};
		F3ADEA3A2CA33A1500349343 /* Debug */ = {
			isa = XCBuildConfiguration;
			buildSettings = {
				ASSETCATALOG_COMPILER_APPICON_NAME = AppIcon;
				ASSETCATALOG_COMPILER_GLOBAL_ACCENT_COLOR_NAME = AccentColor;
				CODE_SIGN_ENTITLEMENTS = "test`/test_.entitlements";
				CODE_SIGN_STYLE = Automatic;
				CURRENT_PROJECT_VERSION = 1;
				DEVELOPMENT_ASSET_PATHS = "\"test`/Preview Content\"";
				ENABLE_PREVIEWS = YES;
				GENERATE_INFOPLIST_FILE = YES;
				INFOPLIST_KEY_CFBundleDisplayName = binGOAT;
				"INFOPLIST_KEY_UIApplicationSceneManifest_Generation[sdk=iphoneos*]" = YES;
				"INFOPLIST_KEY_UIApplicationSceneManifest_Generation[sdk=iphonesimulator*]" = YES;
				"INFOPLIST_KEY_UIApplicationSupportsIndirectInputEvents[sdk=iphoneos*]" = YES;
				"INFOPLIST_KEY_UIApplicationSupportsIndirectInputEvents[sdk=iphonesimulator*]" = YES;
				"INFOPLIST_KEY_UILaunchScreen_Generation[sdk=iphoneos*]" = YES;
				"INFOPLIST_KEY_UILaunchScreen_Generation[sdk=iphonesimulator*]" = YES;
				"INFOPLIST_KEY_UIStatusBarStyle[sdk=iphoneos*]" = UIStatusBarStyleDefault;
				"INFOPLIST_KEY_UIStatusBarStyle[sdk=iphonesimulator*]" = UIStatusBarStyleDefault;
				INFOPLIST_KEY_UISupportedInterfaceOrientations = UIInterfaceOrientationPortrait;
				INFOPLIST_KEY_UISupportedInterfaceOrientations_iPad = "UIInterfaceOrientationLandscapeLeft UIInterfaceOrientationLandscapeRight UIInterfaceOrientationPortrait UIInterfaceOrientationPortraitUpsideDown";
				IPHONEOS_DEPLOYMENT_TARGET = 18.0;
				LD_RUNPATH_SEARCH_PATHS = "@executable_path/Frameworks";
				"LD_RUNPATH_SEARCH_PATHS[sdk=macosx*]" = "@executable_path/../Frameworks";
				MACOSX_DEPLOYMENT_TARGET = 14.0;
				MARKETING_VERSION = 1.0;
				PRODUCT_BUNDLE_IDENTIFIER = "com.compsci.test-";
				PRODUCT_NAME = "$(TARGET_NAME)";
				SDKROOT = auto;
				SUPPORTED_PLATFORMS = "iphoneos iphonesimulator macosx";
				SWIFT_EMIT_LOC_STRINGS = YES;
				SWIFT_VERSION = 5.0;
				TARGETED_DEVICE_FAMILY = "1,2";
			};
			name = Debug;
		};
		F3ADEA3B2CA33A1500349343 /* Release */ = {
			isa = XCBuildConfiguration;
			buildSettings = {
				ASSETCATALOG_COMPILER_APPICON_NAME = AppIcon;
				ASSETCATALOG_COMPILER_GLOBAL_ACCENT_COLOR_NAME = AccentColor;
				CODE_SIGN_ENTITLEMENTS = "test`/test_.entitlements";
				CODE_SIGN_STYLE = Automatic;
				CURRENT_PROJECT_VERSION = 1;
				DEVELOPMENT_ASSET_PATHS = "\"test`/Preview Content\"";
				ENABLE_PREVIEWS = YES;
				GENERATE_INFOPLIST_FILE = YES;
				INFOPLIST_KEY_CFBundleDisplayName = binGOAT;
				"INFOPLIST_KEY_UIApplicationSceneManifest_Generation[sdk=iphoneos*]" = YES;
				"INFOPLIST_KEY_UIApplicationSceneManifest_Generation[sdk=iphonesimulator*]" = YES;
				"INFOPLIST_KEY_UIApplicationSupportsIndirectInputEvents[sdk=iphoneos*]" = YES;
				"INFOPLIST_KEY_UIApplicationSupportsIndirectInputEvents[sdk=iphonesimulator*]" = YES;
				"INFOPLIST_KEY_UILaunchScreen_Generation[sdk=iphoneos*]" = YES;
				"INFOPLIST_KEY_UILaunchScreen_Generation[sdk=iphonesimulator*]" = YES;
				"INFOPLIST_KEY_UIStatusBarStyle[sdk=iphoneos*]" = UIStatusBarStyleDefault;
				"INFOPLIST_KEY_UIStatusBarStyle[sdk=iphonesimulator*]" = UIStatusBarStyleDefault;
				INFOPLIST_KEY_UISupportedInterfaceOrientations = UIInterfaceOrientationPortrait;
				INFOPLIST_KEY_UISupportedInterfaceOrientations_iPad = "UIInterfaceOrientationLandscapeLeft UIInterfaceOrientationLandscapeRight UIInterfaceOrientationPortrait UIInterfaceOrientationPortraitUpsideDown";
				IPHONEOS_DEPLOYMENT_TARGET = 18.0;
				LD_RUNPATH_SEARCH_PATHS = "@executable_path/Frameworks";
				"LD_RUNPATH_SEARCH_PATHS[sdk=macosx*]" = "@executable_path/../Frameworks";
				MACOSX_DEPLOYMENT_TARGET = 14.0;
				MARKETING_VERSION = 1.0;
				PRODUCT_BUNDLE_IDENTIFIER = "com.compsci.test-";
				PRODUCT_NAME = "$(TARGET_NAME)";
				SDKROOT = auto;
				SUPPORTED_PLATFORMS = "iphoneos iphonesimulator macosx";
				SWIFT_EMIT_LOC_STRINGS = YES;
				SWIFT_VERSION = 5.0;
				TARGETED_DEVICE_FAMILY = "1,2";
			};
			name = Release;
		};
/* End XCBuildConfiguration section */

/* Begin XCConfigurationList section */
		F3ADEA232CA33A1400349343 /* Build configuration list for PBXProject "GOATgame" */ = {
			isa = XCConfigurationList;
			buildConfigurations = (
				F3ADEA372CA33A1500349343 /* Debug */,
				F3ADEA382CA33A1500349343 /* Release */,
			);
			defaultConfigurationIsVisible = 0;
			defaultConfigurationName = Release;
		};
		F3ADEA392CA33A1500349343 /* Build configuration list for PBXNativeTarget "GOATgame" */ = {
			isa = XCConfigurationList;
			buildConfigurations = (
				F3ADEA3A2CA33A1500349343 /* Debug */,
				F3ADEA3B2CA33A1500349343 /* Release */,
			);
			defaultConfigurationIsVisible = 0;
			defaultConfigurationName = Release;
		};
/* End XCConfigurationList section */
	};
	rootObject = F3ADEA202CA33A1400349343 /* Project object */;
}
